using System;
using System.Collections.Generic;
using System.Linq;
using System.Text;
using System.Threading.Tasks;


namespace calculadora
{
    class Program
    {
        static void Main(string[] args)
        {
            double producto1;
            double producto2;
            double producto3;
            double producto4;
            double resultado;
            float leche = 3000;
            float huevos = 23000;
            float galletas = 20000;
            float arepas = 12000;

            Console.WriteLine("ingrese el nombre del producto");

        }
    }
}

