
Microsoft Visual Studio Solution File, Format Version 12.00
# Visual Studio Version 16
VisualStudioVersion = 16.0.31624.102
MinimumVisualStudioVersion = 10.0.40219.1
Project("{FAE04EC0-301F-11D3-BF4B-00C04F79EFBC}") = "AppTienda", "AppTienda\AppTienda.csproj", "{BAED56D0-A21F-4C42-B94F-EFB3BFB77727}"
EndProject
Global
	GlobalSection(SolutionConfigurationPlatforms) = preSolution
		Debug|Any CPU = Debug|Any CPU
		Release|Any CPU = Release|Any CPU
	EndGlobalSection
	GlobalSection(ProjectConfigurationPlatforms) = postSolution
		{BAED56D0-A21F-4C42-B94F-EFB3BFB77727}.Debug|Any CPU.ActiveCfg = Debug|Any CPU
		{BAED56D0-A21F-4C42-B94F-EFB3BFB77727}.Debug|Any CPU.Build.0 = Debug|Any CPU
		{BAED56D0-A21F-4C42-B94F-EFB3BFB77727}.Release|Any CPU.ActiveCfg = Release|Any CPU
		{BAED56D0-A21F-4C42-B94F-EFB3BFB77727}.Release|Any CPU.Build.0 = Release|Any CPU
	EndGlobalSection
	GlobalSection(SolutionProperties) = preSolution
		HideSolutionNode = FALSE
	EndGlobalSection
	GlobalSection(ExtensibilityGlobals) = postSolution
		SolutionGuid = {9F4D1B17-D140-4D5F-8190-319DC63452A8}
	EndGlobalSection
EndGlobal
